
Microsoft Visual Studio Solution File, Format Version 12.00
# Visual Studio Version 17
VisualStudioVersion = 17.13.35617.110 d17.13
MinimumVisualStudioVersion = 10.0.40219.1
Project("{FAE04EC0-301F-11D3-BF4B-00C04F79EFBC}") = "ConnectDB", "ConnectDB\ConnectDB.csproj", "{010B9F69-C263-4B79-BA40-3E061D189DEC}"
EndProject
Global
	GlobalSection(SolutionConfigurationPlatforms) = preSolution
		Debug|Any CPU = Debug|Any CPU
		Release|Any CPU = Release|Any CPU
	EndGlobalSection
	GlobalSection(ProjectConfigurationPlatforms) = postSolution
		{010B9F69-C263-4B79-BA40-3E061D189DEC}.Debug|Any CPU.ActiveCfg = Debug|Any CPU
		{010B9F69-C263-4B79-BA40-3E061D189DEC}.Debug|Any CPU.Build.0 = Debug|Any CPU
		{010B9F69-C263-4B79-BA40-3E061D189DEC}.Release|Any CPU.ActiveCfg = Release|Any CPU
		{010B9F69-C263-4B79-BA40-3E061D189DEC}.Release|Any CPU.Build.0 = Release|Any CPU
	EndGlobalSection
	GlobalSection(SolutionProperties) = preSolution
		HideSolutionNode = FALSE
	EndGlobalSection
	GlobalSection(ExtensibilityGlobals) = postSolution
		SolutionGuid = {2448D5BF-FFD0-4A23-8087-4C4EE2CC7221}
	EndGlobalSection
EndGlobal
